
Microsoft Visual Studio Solution File, Format Version 12.00
# Visual Studio 14
VisualStudioVersion = 14.0.23107.0
MinimumVisualStudioVersion = 10.0.40219.1
Project("{FAE04EC0-301F-11D3-BF4B-00C04F79EFBC}") = "GFHelper", "GFHelper\GFHelper.csproj", "{D7537A7F-765B-4F05-A9EA-AC557147F20C}"
EndProject
Project("{FAE04EC0-301F-11D3-BF4B-00C04F79EFBC}") = "GFHelper-ConsoleTest", "GFHelper-ConsoleTest\GFHelper-ConsoleTest.csproj", "{A221E170-621B-4D3F-A44C-17F2CC64D2CF}"
EndProject
Project("{2150E333-8FDC-42A3-9474-1A3956D46DE8}") = "Solution Items", "Solution Items", "{8F2BB3EE-B7E6-46B1-A3B7-7025FC3EC8F3}"
	ProjectSection(SolutionItems) = preProject
		README.md = README.md
	EndProjectSection
EndProject
Global
	GlobalSection(SolutionConfigurationPlatforms) = preSolution
		4.5|Any CPU = 4.5|Any CPU
		Debug|Any CPU = Debug|Any CPU
		Release|Any CPU = Release|Any CPU
	EndGlobalSection
	GlobalSection(ProjectConfigurationPlatforms) = postSolution
		{D7537A7F-765B-4F05-A9EA-AC557147F20C}.4.5|Any CPU.ActiveCfg = Debug|Any CPU
		{D7537A7F-765B-4F05-A9EA-AC557147F20C}.4.5|Any CPU.Build.0 = Debug|Any CPU
		{D7537A7F-765B-4F05-A9EA-AC557147F20C}.Debug|Any CPU.ActiveCfg = Debug|Any CPU
		{D7537A7F-765B-4F05-A9EA-AC557147F20C}.Debug|Any CPU.Build.0 = Debug|Any CPU
		{D7537A7F-765B-4F05-A9EA-AC557147F20C}.Release|Any CPU.ActiveCfg = Release|Any CPU
		{D7537A7F-765B-4F05-A9EA-AC557147F20C}.Release|Any CPU.Build.0 = Release|Any CPU
		{A221E170-621B-4D3F-A44C-17F2CC64D2CF}.4.5|Any CPU.ActiveCfg = 4.5|Any CPU
		{A221E170-621B-4D3F-A44C-17F2CC64D2CF}.4.5|Any CPU.Build.0 = 4.5|Any CPU
		{A221E170-621B-4D3F-A44C-17F2CC64D2CF}.Debug|Any CPU.ActiveCfg = Debug|Any CPU
		{A221E170-621B-4D3F-A44C-17F2CC64D2CF}.Debug|Any CPU.Build.0 = Debug|Any CPU
		{A221E170-621B-4D3F-A44C-17F2CC64D2CF}.Release|Any CPU.ActiveCfg = Release|Any CPU
		{A221E170-621B-4D3F-A44C-17F2CC64D2CF}.Release|Any CPU.Build.0 = Release|Any CPU
	EndGlobalSection
	GlobalSection(SolutionProperties) = preSolution
		HideSolutionNode = FALSE
	EndGlobalSection
EndGlobal
